
Microsoft Visual Studio Solution File, Format Version 12.00
# Visual Studio Version 16
VisualStudioVersion = 16.0.30204.135
MinimumVisualStudioVersion = 10.0.40219.1
Project("{FAE04EC0-301F-11D3-BF4B-00C04F79EFBC}") = "WebApplication3", "WebApplication3\WebApplication3.csproj", "{260A6F86-2BEB-46C3-A286-06DBFD3B57EA}"
EndProject
Global
	GlobalSection(SolutionConfigurationPlatforms) = preSolution
		Debug|Any CPU = Debug|Any CPU
		Release|Any CPU = Release|Any CPU
	EndGlobalSection
	GlobalSection(ProjectConfigurationPlatforms) = postSolution
		{260A6F86-2BEB-46C3-A286-06DBFD3B57EA}.Debug|Any CPU.ActiveCfg = Debug|Any CPU
		{260A6F86-2BEB-46C3-A286-06DBFD3B57EA}.Debug|Any CPU.Build.0 = Debug|Any CPU
		{260A6F86-2BEB-46C3-A286-06DBFD3B57EA}.Release|Any CPU.ActiveCfg = Release|Any CPU
		{260A6F86-2BEB-46C3-A286-06DBFD3B57EA}.Release|Any CPU.Build.0 = Release|Any CPU
	EndGlobalSection
	GlobalSection(SolutionProperties) = preSolution
		HideSolutionNode = FALSE
	EndGlobalSection
	GlobalSection(ExtensibilityGlobals) = postSolution
		SolutionGuid = {0C400173-C861-47C1-AE0A-D4132ABA714F}
	EndGlobalSection
EndGlobal
